
Microsoft Visual Studio Solution File, Format Version 12.00
# Visual Studio Version 17
VisualStudioVersion = 17.1.32421.90
MinimumVisualStudioVersion = 10.0.40219.1
Project("{FAE04EC0-301F-11D3-BF4B-00C04F79EFBC}") = "BookListMVC", "BookListMVC\BookListMVC.csproj", "{14783CFE-F9F3-4CDC-B64B-F221CB2C2F1C}"
EndProject
Global
	GlobalSection(SolutionConfigurationPlatforms) = preSolution
		Debug|Any CPU = Debug|Any CPU
		Release|Any CPU = Release|Any CPU
	EndGlobalSection
	GlobalSection(ProjectConfigurationPlatforms) = postSolution
		{14783CFE-F9F3-4CDC-B64B-F221CB2C2F1C}.Debug|Any CPU.ActiveCfg = Debug|Any CPU
		{14783CFE-F9F3-4CDC-B64B-F221CB2C2F1C}.Debug|Any CPU.Build.0 = Debug|Any CPU
		{14783CFE-F9F3-4CDC-B64B-F221CB2C2F1C}.Release|Any CPU.ActiveCfg = Release|Any CPU
		{14783CFE-F9F3-4CDC-B64B-F221CB2C2F1C}.Release|Any CPU.Build.0 = Release|Any CPU
	EndGlobalSection
	GlobalSection(SolutionProperties) = preSolution
		HideSolutionNode = FALSE
	EndGlobalSection
	GlobalSection(ExtensibilityGlobals) = postSolution
		SolutionGuid = {A88CA288-694D-45BF-A86A-506146906D9F}
	EndGlobalSection
EndGlobal
